// !$*UTF8*$!
{
	archiveVersion = 1;
	classes = {
	};
	objectVersion = 56;
	objects = {

/* Begin PBXBuildFile section */
		C7D5DD5529E2C4A900774238 /* AppDelegate.swift in Sources */ = {isa = PBXBuildFile; fileRef = C7D5DD5429E2C4A900774238 /* AppDelegate.swift */; };
		C7D5DD5729E2C4A900774238 /* ContentView.swift in Sources */ = {isa = PBXBuildFile; fileRef = C7D5DD5629E2C4A900774238 /* ContentView.swift */; };
		C7D5DD5929E2C4A900774238 /* Experience.rcproject in Sources */ = {isa = PBXBuildFile; fileRef = C7D5DD5829E2C4A900774238 /* Experience.rcproject */; };
		C7D5DD5B29E2C4AB00774238 /* Assets.xcassets in Resources */ = {isa = PBXBuildFile; fileRef = C7D5DD5A29E2C4AB00774238 /* Assets.xcassets */; };
		C7D5DD5E29E2C4AB00774238 /* Preview Assets.xcassets in Resources */ = {isa = PBXBuildFile; fileRef = C7D5DD5D29E2C4AB00774238 /* Preview Assets.xcassets */; };
		C7D5DD6829E2C4AB00774238 /* AR_App_practiceTests.swift in Sources */ = {isa = PBXBuildFile; fileRef = C7D5DD6729E2C4AB00774238 /* AR_App_practiceTests.swift */; };
		C7D5DD7229E2C4AB00774238 /* AR_App_practiceUITests.swift in Sources */ = {isa = PBXBuildFile; fileRef = C7D5DD7129E2C4AB00774238 /* AR_App_practiceUITests.swift */; };
		C7D5DD7429E2C4AB00774238 /* AR_App_practiceUITestsLaunchTests.swift in Sources */ = {isa = PBXBuildFile; fileRef = C7D5DD7329E2C4AB00774238 /* AR_App_practiceUITestsLaunchTests.swift */; };
/* End PBXBuildFile section */

/* Begin PBXContainerItemProxy section */
		C7D5DD6429E2C4AB00774238 /* PBXContainerItemProxy */ = {
			isa = PBXContainerItemProxy;
			containerPortal = C7D5DD4929E2C4A900774238 /* Project object */;
			proxyType = 1;
			remoteGlobalIDString = C7D5DD5029E2C4A900774238;
			remoteInfo = "AR-App-practice";
		};
		C7D5DD6E29E2C4AB00774238 /* PBXContainerItemProxy */ = {
			isa = PBXContainerItemProxy;
			containerPortal = C7D5DD4929E2C4A900774238 /* Project object */;
			proxyType = 1;
			remoteGlobalIDString = C7D5DD5029E2C4A900774238;
			remoteInfo = "AR-App-practice";
		};
/* End PBXContainerItemProxy section */

/* Begin PBXFileReference section */
		C7D5DD5129E2C4A900774238 /* AR-App-practice.app */ = {isa = PBXFileReference; explicitFileType = wrapper.application; includeInIndex = 0; path = "AR-App-practice.app"; sourceTree = BUILT_PRODUCTS_DIR; };
		C7D5DD5429E2C4A900774238 /* AppDelegate.swift */ = {isa = PBXFileReference; lastKnownFileType = sourcecode.swift; path = AppDelegate.swift; sourceTree = "<group>"; };
		C7D5DD5629E2C4A900774238 /* ContentView.swift */ = {isa = PBXFileReference; lastKnownFileType = sourcecode.swift; path = ContentView.swift; sourceTree = "<group>"; };
		C7D5DD5829E2C4A900774238 /* Experience.rcproject */ = {isa = PBXFileReference; lastKnownFileType = file.rcproject; path = Experience.rcproject; sourceTree = "<group>"; };
		C7D5DD5A29E2C4AB00774238 /* Assets.xcassets */ = {isa = PBXFileReference; lastKnownFileType = folder.assetcatalog; path = Assets.xcassets; sourceTree = "<group>"; };
		C7D5DD5D29E2C4AB00774238 /* Preview Assets.xcassets */ = {isa = PBXFileReference; lastKnownFileType = folder.assetcatalog; path = "Preview Assets.xcassets"; sourceTree = "<group>"; };
		C7D5DD6329E2C4AB00774238 /* AR-App-practiceTests.xctest */ = {isa = PBXFileReference; explicitFileType = wrapper.cfbundle; includeInIndex = 0; path = "AR-App-practiceTests.xctest"; sourceTree = BUILT_PRODUCTS_DIR; };
		C7D5DD6729E2C4AB00774238 /* AR_App_practiceTests.swift */ = {isa = PBXFileReference; lastKnownFileType = sourcecode.swift; path = AR_App_practiceTests.swift; sourceTree = "<group>"; };
		C7D5DD6D29E2C4AB00774238 /* AR-App-practiceUITests.xctest */ = {isa = PBXFileReference; explicitFileType = wrapper.cfbundle; includeInIndex = 0; path = "AR-App-practiceUITests.xctest"; sourceTree = BUILT_PRODUCTS_DIR; };
		C7D5DD7129E2C4AB00774238 /* AR_App_practiceUITests.swift */ = {isa = PBXFileReference; lastKnownFileType = sourcecode.swift; path = AR_App_practiceUITests.swift; sourceTree = "<group>"; };
		C7D5DD7329E2C4AB00774238 /* AR_App_practiceUITestsLaunchTests.swift */ = {isa = PBXFileReference; lastKnownFileType = sourcecode.swift; path = AR_App_practiceUITestsLaunchTests.swift; sourceTree = "<group>"; };
/* End PBXFileReference section */

/* Begin PBXFrameworksBuildPhase section */
		C7D5DD4E29E2C4A900774238 /* Frameworks */ = {
			isa = PBXFrameworksBuildPhase;
			buildActionMask = 2147483647;
			files = (
			);
			runOnlyForDeploymentPostprocessing = 0;
		};
		C7D5DD6029E2C4AB00774238 /* Frameworks */ = {
			isa = PBXFrameworksBuildPhase;
			buildActionMask = 2147483647;
			files = (
			);
			runOnlyForDeploymentPostprocessing = 0;
		};
		C7D5DD6A29E2C4AB00774238 /* Frameworks */ = {
			isa = PBXFrameworksBuildPhase;
			buildActionMask = 2147483647;
			files = (
			);
			runOnlyForDeploymentPostprocessing = 0;
		};
/* End PBXFrameworksBuildPhase section */

/* Begin PBXGroup section */
		C7D5DD4829E2C4A900774238 = {
			isa = PBXGroup;
			children = (
				C7D5DD5329E2C4A900774238 /* AR-App-practice */,
				C7D5DD6629E2C4AB00774238 /* AR-App-practiceTests */,
				C7D5DD7029E2C4AB00774238 /* AR-App-practiceUITests */,
				C7D5DD5229E2C4A900774238 /* Products */,
			);
			sourceTree = "<group>";
		};
		C7D5DD5229E2C4A900774238 /* Products */ = {
			isa = PBXGroup;
			children = (
				C7D5DD5129E2C4A900774238 /* AR-App-practice.app */,
				C7D5DD6329E2C4AB00774238 /* AR-App-practiceTests.xctest */,
				C7D5DD6D29E2C4AB00774238 /* AR-App-practiceUITests.xctest */,
			);
			name = Products;
			sourceTree = "<group>";
		};
		C7D5DD5329E2C4A900774238 /* AR-App-practice */ = {
			isa = PBXGroup;
			children = (
				C7D5DD5429E2C4A900774238 /* AppDelegate.swift */,
				C7D5DD5629E2C4A900774238 /* ContentView.swift */,
				C7D5DD5829E2C4A900774238 /* Experience.rcproject */,
				C7D5DD5A29E2C4AB00774238 /* Assets.xcassets */,
				C7D5DD5C29E2C4AB00774238 /* Preview Content */,
			);
			path = "AR-App-practice";
			sourceTree = "<group>";
		};
		C7D5DD5C29E2C4AB00774238 /* Preview Content */ = {
			isa = PBXGroup;
			children = (
				C7D5DD5D29E2C4AB00774238 /* Preview Assets.xcassets */,
			);
			path = "Preview Content";
			sourceTree = "<group>";
		};
		C7D5DD6629E2C4AB00774238 /* AR-App-practiceTests */ = {
			isa = PBXGroup;
			children = (
				C7D5DD6729E2C4AB00774238 /* AR_App_practiceTests.swift */,
			);
			path = "AR-App-practiceTests";
			sourceTree = "<group>";
		};
		C7D5DD7029E2C4AB00774238 /* AR-App-practiceUITests */ = {
			isa = PBXGroup;
			children = (
				C7D5DD7129E2C4AB00774238 /* AR_App_practiceUITests.swift */,
				C7D5DD7329E2C4AB00774238 /* AR_App_practiceUITestsLaunchTests.swift */,
			);
			path = "AR-App-practiceUITests";
			sourceTree = "<group>";
		};
/* End PBXGroup section */

/* Begin PBXNativeTarget section */
		C7D5DD5029E2C4A900774238 /* AR-App-practice */ = {
			isa = PBXNativeTarget;
			buildConfigurationList = C7D5DD7729E2C4AB00774238 /* Build configuration list for PBXNativeTarget "AR-App-practice" */;
			buildPhases = (
				C7D5DD4D29E2C4A900774238 /* Sources */,
				C7D5DD4E29E2C4A900774238 /* Frameworks */,
				C7D5DD4F29E2C4A900774238 /* Resources */,
			);
			buildRules = (
			);
			dependencies = (
			);
			name = "AR-App-practice";
			productName = "AR-App-practice";
			productReference = C7D5DD5129E2C4A900774238 /* AR-App-practice.app */;
			productType = "com.apple.product-type.application";
		};
		C7D5DD6229E2C4AB00774238 /* AR-App-practiceTests */ = {
			isa = PBXNativeTarget;
			buildConfigurationList = C7D5DD7A29E2C4AB00774238 /* Build configuration list for PBXNativeTarget "AR-App-practiceTests" */;
			buildPhases = (
				C7D5DD5F29E2C4AB00774238 /* Sources */,
				C7D5DD6029E2C4AB00774238 /* Frameworks */,
				C7D5DD6129E2C4AB00774238 /* Resources */,
			);
			buildRules = (
			);
			dependencies = (
				C7D5DD6529E2C4AB00774238 /* PBXTargetDependency */,
			);
			name = "AR-App-practiceTests";
			productName = "AR-App-practiceTests";
			productReference = C7D5DD6329E2C4AB00774238 /* AR-App-practiceTests.xctest */;
			productType = "com.apple.product-type.bundle.unit-test";
		};
		C7D5DD6C29E2C4AB00774238 /* AR-App-practiceUITests */ = {
			isa = PBXNativeTarget;
			buildConfigurationList = C7D5DD7D29E2C4AB00774238 /* Build configuration list for PBXNativeTarget "AR-App-practiceUITests" */;
			buildPhases = (
				C7D5DD6929E2C4AB00774238 /* Sources */,
				C7D5DD6A29E2C4AB00774238 /* Frameworks */,
				C7D5DD6B29E2C4AB00774238 /* Resources */,
			);
			buildRules = (
			);
			dependencies = (
				C7D5DD6F29E2C4AB00774238 /* PBXTargetDependency */,
			);
			name = "AR-App-practiceUITests";
			productName = "AR-App-practiceUITests";
			productReference = C7D5DD6D29E2C4AB00774238 /* AR-App-practiceUITests.xctest */;
			productType = "com.apple.product-type.bundle.ui-testing";
		};
/* End PBXNativeTarget section */

/* Begin PBXProject section */
		C7D5DD4929E2C4A900774238 /* Project object */ = {
			isa = PBXProject;
			attributes = {
				BuildIndependentTargetsInParallel = 1;
				LastSwiftUpdateCheck = 1430;
				LastUpgradeCheck = 1430;
				TargetAttributes = {
					C7D5DD5029E2C4A900774238 = {
						CreatedOnToolsVersion = 14.3;
					};
					C7D5DD6229E2C4AB00774238 = {
						CreatedOnToolsVersion = 14.3;
						TestTargetID = C7D5DD5029E2C4A900774238;
					};
					C7D5DD6C29E2C4AB00774238 = {
						CreatedOnToolsVersion = 14.3;
						TestTargetID = C7D5DD5029E2C4A900774238;
					};
				};
			};
			buildConfigurationList = C7D5DD4C29E2C4A900774238 /* Build configuration list for PBXProject "AR-App-practice" */;
			compatibilityVersion = "Xcode 14.0";
			developmentRegion = en;
			hasScannedForEncodings = 0;
			knownRegions = (
				en,
				Base,
			);
			mainGroup = C7D5DD4829E2C4A900774238;
			productRefGroup = C7D5DD5229E2C4A900774238 /* Products */;
			projectDirPath = "";
			projectRoot = "";
			targets = (
				C7D5DD5029E2C4A900774238 /* AR-App-practice */,
				C7D5DD6229E2C4AB00774238 /* AR-App-practiceTests */,
				C7D5DD6C29E2C4AB00774238 /* AR-App-practiceUITests */,
			);
		};
/* End PBXProject section */

/* Begin PBXResourcesBuildPhase section */
		C7D5DD4F29E2C4A900774238 /* Resources */ = {
			isa = PBXResourcesBuildPhase;
			buildActionMask = 2147483647;
			files = (
				C7D5DD5E29E2C4AB00774238 /* Preview Assets.xcassets in Resources */,
				C7D5DD5B29E2C4AB00774238 /* Assets.xcassets in Resources */,
			);
			runOnlyForDeploymentPostprocessing = 0;
		};
		C7D5DD6129E2C4AB00774238 /* Resources */ = {
			isa = PBXResourcesBuildPhase;
			buildActionMask = 2147483647;
			files = (
			);
			runOnlyForDeploymentPostprocessing = 0;
		};
		C7D5DD6B29E2C4AB00774238 /* Resources */ = {
			isa = PBXResourcesBuildPhase;
			buildActionMask = 2147483647;
			files = (
			);
			runOnlyForDeploymentPostprocessing = 0;
		};
/* End PBXResourcesBuildPhase section */

/* Begin PBXSourcesBuildPhase section */
		C7D5DD4D29E2C4A900774238 /* Sources */ = {
			isa = PBXSourcesBuildPhase;
			buildActionMask = 2147483647;
			files = (
				C7D5DD5729E2C4A900774238 /* ContentView.swift in Sources */,
				C7D5DD5529E2C4A900774238 /* AppDelegate.swift in Sources */,
				C7D5DD5929E2C4A900774238 /* Experience.rcproject in Sources */,
			);
			runOnlyForDeploymentPostprocessing = 0;
		};
		C7D5DD5F29E2C4AB00774238 /* Sources */ = {
			isa = PBXSourcesBuildPhase;
			buildActionMask = 2147483647;
			files = (
				C7D5DD6829E2C4AB00774238 /* AR_App_practiceTests.swift in Sources */,
			);
			runOnlyForDeploymentPostprocessing = 0;
		};
		C7D5DD6929E2C4AB00774238 /* Sources */ = {
			isa = PBXSourcesBuildPhase;
			buildActionMask = 2147483647;
			files = (
				C7D5DD7429E2C4AB00774238 /* AR_App_practiceUITestsLaunchTests.swift in Sources */,
				C7D5DD7229E2C4AB00774238 /* AR_App_practiceUITests.swift in Sources */,
			);
			runOnlyForDeploymentPostprocessing = 0;
		};
/* End PBXSourcesBuildPhase section */

/* Begin PBXTargetDependency section */
		C7D5DD6529E2C4AB00774238 /* PBXTargetDependency */ = {
			isa = PBXTargetDependency;
			target = C7D5DD5029E2C4A900774238 /* AR-App-practice */;
			targetProxy = C7D5DD6429E2C4AB00774238 /* PBXContainerItemProxy */;
		};
		C7D5DD6F29E2C4AB00774238 /* PBXTargetDependency */ = {
			isa = PBXTargetDependency;
			target = C7D5DD5029E2C4A900774238 /* AR-App-practice */;
			targetProxy = C7D5DD6E29E2C4AB00774238 /* PBXContainerItemProxy */;
		};
/* End PBXTargetDependency section */

/* Begin XCBuildConfiguration section */
		C7D5DD7529E2C4AB00774238 /* Debug */ = {
			isa = XCBuildConfiguration;
			buildSettings = {
				ALWAYS_SEARCH_USER_PATHS = NO;
				CLANG_ANALYZER_NONNULL = YES;
				CLANG_ANALYZER_NUMBER_OBJECT_CONVERSION = YES_AGGRESSIVE;
				CLANG_CXX_LANGUAGE_STANDARD = "gnu++20";
				CLANG_ENABLE_MODULES = YES;
				CLANG_ENABLE_OBJC_ARC = YES;
				CLANG_ENABLE_OBJC_WEAK = YES;
				CLANG_WARN_BLOCK_CAPTURE_AUTORELEASING = YES;
				CLANG_WARN_BOOL_CONVERSION = YES;
				CLANG_WARN_COMMA = YES;
				CLANG_WARN_CONSTANT_CONVERSION = YES;
				CLANG_WARN_DEPRECATED_OBJC_IMPLEMENTATIONS = YES;
				CLANG_WARN_DIRECT_OBJC_ISA_USAGE = YES_ERROR;
				CLANG_WARN_DOCUMENTATION_COMMENTS = YES;
				CLANG_WARN_EMPTY_BODY = YES;
				CLANG_WARN_ENUM_CONVERSION = YES;
				CLANG_WARN_INFINITE_RECURSION = YES;
				CLANG_WARN_INT_CONVERSION = YES;
				CLANG_WARN_NON_LITERAL_NULL_CONVERSION = YES;
				CLANG_WARN_OBJC_IMPLICIT_RETAIN_SELF = YES;
				CLANG_WARN_OBJC_LITERAL_CONVERSION = YES;
				CLANG_WARN_OBJC_ROOT_CLASS = YES_ERROR;
				CLANG_WARN_QUOTED_INCLUDE_IN_FRAMEWORK_HEADER = YES;
				CLANG_WARN_RANGE_LOOP_ANALYSIS = YES;
				CLANG_WARN_STRICT_PROTOTYPES = YES;
				CLANG_WARN_SUSPICIOUS_MOVE = YES;
				CLANG_WARN_UNGUARDED_AVAILABILITY = YES_AGGRESSIVE;
				CLANG_WARN_UNREACHABLE_CODE = YES;
				CLANG_WARN__DUPLICATE_METHOD_MATCH = YES;
				COPY_PHASE_STRIP = NO;
				DEBUG_INFORMATION_FORMAT = dwarf;
				ENABLE_STRICT_OBJC_MSGSEND = YES;
				ENABLE_TESTABILITY = YES;
				GCC_C_LANGUAGE_STANDARD = gnu11;
				GCC_DYNAMIC_NO_PIC = NO;
				GCC_NO_COMMON_BLOCKS = YES;
				GCC_OPTIMIZATION_LEVEL = 0;
				GCC_PREPROCESSOR_DEFINITIONS = (
					"DEBUG=1",
					"$(inherited)",
				);
				GCC_WARN_64_TO_32_BIT_CONVERSION = YES;
				GCC_WARN_ABOUT_RETURN_TYPE = YES_ERROR;
				GCC_WARN_UNDECLARED_SELECTOR = YES;
				GCC_WARN_UNINITIALIZED_AUTOS = YES_AGGRESSIVE;
				GCC_WARN_UNUSED_FUNCTION = YES;
				GCC_WARN_UNUSED_VARIABLE = YES;
				IPHONEOS_DEPLOYMENT_TARGET = 16.4;
				MTL_ENABLE_DEBUG_INFO = INCLUDE_SOURCE;
				MTL_FAST_MATH = YES;
				ONLY_ACTIVE_ARCH = YES;
				SDKROOT = iphoneos;
				SWIFT_ACTIVE_COMPILATION_CONDITIONS = DEBUG;
				SWIFT_OPTIMIZATION_LEVEL = "-Onone";
			};
			name = Debug;
		};
		C7D5DD7629E2C4AB00774238 /* Release */ = {
			isa = XCBuildConfiguration;
			buildSettings = {
				ALWAYS_SEARCH_USER_PATHS = NO;
				CLANG_ANALYZER_NONNULL = YES;
				CLANG_ANALYZER_NUMBER_OBJECT_CONVERSION = YES_AGGRESSIVE;
				CLANG_CXX_LANGUAGE_STANDARD = "gnu++20";
				CLANG_ENABLE_MODULES = YES;
				CLANG_ENABLE_OBJC_ARC = YES;
				CLANG_ENABLE_OBJC_WEAK = YES;
				CLANG_WARN_BLOCK_CAPTURE_AUTORELEASING = YES;
				CLANG_WARN_BOOL_CONVERSION = YES;
				CLANG_WARN_COMMA = YES;
				CLANG_WARN_CONSTANT_CONVERSION = YES;
				CLANG_WARN_DEPRECATED_OBJC_IMPLEMENTATIONS = YES;
				CLANG_WARN_DIRECT_OBJC_ISA_USAGE = YES_ERROR;
				CLANG_WARN_DOCUMENTATION_COMMENTS = YES;
				CLANG_WARN_EMPTY_BODY = YES;
				CLANG_WARN_ENUM_CONVERSION = YES;
				CLANG_WARN_INFINITE_RECURSION = YES;
				CLANG_WARN_INT_CONVERSION = YES;
				CLANG_WARN_NON_LITERAL_NULL_CONVERSION = YES;
				CLANG_WARN_OBJC_IMPLICIT_RETAIN_SELF = YES;
				CLANG_WARN_OBJC_LITERAL_CONVERSION = YES;
				CLANG_WARN_OBJC_ROOT_CLASS = YES_ERROR;
				CLANG_WARN_QUOTED_INCLUDE_IN_FRAMEWORK_HEADER = YES;
				CLANG_WARN_RANGE_LOOP_ANALYSIS = YES;
				CLANG_WARN_STRICT_PROTOTYPES = YES;
				CLANG_WARN_SUSPICIOUS_MOVE = YES;
				CLANG_WARN_UNGUARDED_AVAILABILITY = YES_AGGRESSIVE;
				CLANG_WARN_UNREACHABLE_CODE = YES;
				CLANG_WARN__DUPLICATE_METHOD_MATCH = YES;
				COPY_PHASE_STRIP = NO;
				DEBUG_INFORMATION_FORMAT = "dwarf-with-dsym";
				ENABLE_NS_ASSERTIONS = NO;
				ENABLE_STRICT_OBJC_MSGSEND = YES;
				GCC_C_LANGUAGE_STANDARD = gnu11;
				GCC_NO_COMMON_BLOCKS = YES;
				GCC_WARN_64_TO_32_BIT_CONVERSION = YES;
				GCC_WARN_ABOUT_RETURN_TYPE = YES_ERROR;
				GCC_WARN_UNDECLARED_SELECTOR = YES;
				GCC_WARN_UNINITIALIZED_AUTOS = YES_AGGRESSIVE;
				GCC_WARN_UNUSED_FUNCTION = YES;
				GCC_WARN_UNUSED_VARIABLE = YES;
				IPHONEOS_DEPLOYMENT_TARGET = 16.4;
				MTL_ENABLE_DEBUG_INFO = NO;
				MTL_FAST_MATH = YES;
				SDKROOT = iphoneos;
				SWIFT_COMPILATION_MODE = wholemodule;
				SWIFT_OPTIMIZATION_LEVEL = "-O";
				VALIDATE_PRODUCT = YES;
			};
			name = Release;
		};
		C7D5DD7829E2C4AB00774238 /* Debug */ = {
			isa = XCBuildConfiguration;
			buildSettings = {
				ASSETCATALOG_COMPILER_APPICON_NAME = AppIcon;
				ASSETCATALOG_COMPILER_GLOBAL_ACCENT_COLOR_NAME = AccentColor;
				CODE_SIGN_STYLE = Automatic;
				CURRENT_PROJECT_VERSION = 1;
				DEVELOPMENT_ASSET_PATHS = "\"AR-App-practice/Preview Content\"";
				DEVELOPMENT_TEAM = 992YVZSUT3;
				ENABLE_PREVIEWS = YES;
				GENERATE_INFOPLIST_FILE = YES;
				INFOPLIST_KEY_NSCameraUsageDescription = "";
				INFOPLIST_KEY_UIApplicationSupportsIndirectInputEvents = YES;
				INFOPLIST_KEY_UILaunchScreen_Generation = YES;
				INFOPLIST_KEY_UIRequiredDeviceCapabilities = arkit;
				INFOPLIST_KEY_UIStatusBarHidden = YES;
				INFOPLIST_KEY_UISupportedInterfaceOrientations_iPad = "UIInterfaceOrientationPortrait UIInterfaceOrientationPortraitUpsideDown UIInterfaceOrientationLandscapeLeft UIInterfaceOrientationLandscapeRight";
				INFOPLIST_KEY_UISupportedInterfaceOrientations_iPhone = "UIInterfaceOrientationPortrait UIInterfaceOrientationLandscapeLeft UIInterfaceOrientationLandscapeRight";
				LD_RUNPATH_SEARCH_PATHS = (
					"$(inherited)",
					"@executable_path/Frameworks",
				);
				MARKETING_VERSION = 1.0;
				PRODUCT_BUNDLE_IDENTIFIER = "chitose.AR-App-practice";
				PRODUCT_NAME = "$(TARGET_NAME)";
				SWIFT_EMIT_LOC_STRINGS = YES;
				SWIFT_VERSION = 5.0;
				TARGETED_DEVICE_FAMILY = "1,2";
			};
			name = Debug;
		};
		C7D5DD7929E2C4AB00774238 /* Release */ = {
			isa = XCBuildConfiguration;
			buildSettings = {
				ASSETCATALOG_COMPILER_APPICON_NAME = AppIcon;
				ASSETCATALOG_COMPILER_GLOBAL_ACCENT_COLOR_NAME = AccentColor;
				CODE_SIGN_STYLE = Automatic;
				CURRENT_PROJECT_VERSION = 1;
				DEVELOPMENT_ASSET_PATHS = "\"AR-App-practice/Preview Content\"";
				DEVELOPMENT_TEAM = 992YVZSUT3;
				ENABLE_PREVIEWS = YES;
				GENERATE_INFOPLIST_FILE = YES;
				INFOPLIST_KEY_NSCameraUsageDescription = "";
				INFOPLIST_KEY_UIApplicationSupportsIndirectInputEvents = YES;
				INFOPLIST_KEY_UILaunchScreen_Generation = YES;
				INFOPLIST_KEY_UIRequiredDeviceCapabilities = arkit;
				INFOPLIST_KEY_UIStatusBarHidden = YES;
				INFOPLIST_KEY_UISupportedInterfaceOrientations_iPad = "UIInterfaceOrientationPortrait UIInterfaceOrientationPortraitUpsideDown UIInterfaceOrientationLandscapeLeft UIInterfaceOrientationLandscapeRight";
				INFOPLIST_KEY_UISupportedInterfaceOrientations_iPhone = "UIInterfaceOrientationPortrait UIInterfaceOrientationLandscapeLeft UIInterfaceOrientationLandscapeRight";
				LD_RUNPATH_SEARCH_PATHS = (
					"$(inherited)",
					"@executable_path/Frameworks",
				);
				MARKETING_VERSION = 1.0;
				PRODUCT_BUNDLE_IDENTIFIER = "chitose.AR-App-practice";
				PRODUCT_NAME = "$(TARGET_NAME)";
				SWIFT_EMIT_LOC_STRINGS = YES;
				SWIFT_VERSION = 5.0;
				TARGETED_DEVICE_FAMILY = "1,2";
			};
			name = Release;
		};
		C7D5DD7B29E2C4AB00774238 /* Debug */ = {
			isa = XCBuildConfiguration;
			buildSettings = {
				ALWAYS_EMBED_SWIFT_STANDARD_LIBRARIES = YES;
				BUNDLE_LOADER = "$(TEST_HOST)";
				CODE_SIGN_STYLE = Automatic;
				CURRENT_PROJECT_VERSION = 1;
				GENERATE_INFOPLIST_FILE = YES;
				IPHONEOS_DEPLOYMENT_TARGET = 16.4;
				MARKETING_VERSION = 1.0;
				PRODUCT_BUNDLE_IDENTIFIER = "chitose.AR-App-practiceTests";
				PRODUCT_NAME = "$(TARGET_NAME)";
				SWIFT_EMIT_LOC_STRINGS = NO;
				SWIFT_VERSION = 5.0;
				TARGETED_DEVICE_FAMILY = "1,2";
				TEST_HOST = "$(BUILT_PRODUCTS_DIR)/AR-App-practice.app/$(BUNDLE_EXECUTABLE_FOLDER_PATH)/AR-App-practice";
			};
			name = Debug;
		};
		C7D5DD7C29E2C4AB00774238 /* Release */ = {
			isa = XCBuildConfiguration;
			buildSettings = {
				ALWAYS_EMBED_SWIFT_STANDARD_LIBRARIES = YES;
				BUNDLE_LOADER = "$(TEST_HOST)";
				CODE_SIGN_STYLE = Automatic;
				CURRENT_PROJECT_VERSION = 1;
				GENERATE_INFOPLIST_FILE = YES;
				IPHONEOS_DEPLOYMENT_TARGET = 16.4;
				MARKETING_VERSION = 1.0;
				PRODUCT_BUNDLE_IDENTIFIER = "chitose.AR-App-practiceTests";
				PRODUCT_NAME = "$(TARGET_NAME)";
				SWIFT_EMIT_LOC_STRINGS = NO;
				SWIFT_VERSION = 5.0;
				TARGETED_DEVICE_FAMILY = "1,2";
				TEST_HOST = "$(BUILT_PRODUCTS_DIR)/AR-App-practice.app/$(BUNDLE_EXECUTABLE_FOLDER_PATH)/AR-App-practice";
			};
			name = Release;
		};
		C7D5DD7E29E2C4AB00774238 /* Debug */ = {
			isa = XCBuildConfiguration;
			buildSettings = {
				ALWAYS_EMBED_SWIFT_STANDARD_LIBRARIES = YES;
				CODE_SIGN_STYLE = Automatic;
				CURRENT_PROJECT_VERSION = 1;
				GENERATE_INFOPLIST_FILE = YES;
				MARKETING_VERSION = 1.0;
				PRODUCT_BUNDLE_IDENTIFIER = "chitose.AR-App-practiceUITests";
				PRODUCT_NAME = "$(TARGET_NAME)";
				SWIFT_EMIT_LOC_STRINGS = NO;
				SWIFT_VERSION = 5.0;
				TARGETED_DEVICE_FAMILY = "1,2";
				TEST_TARGET_NAME = "AR-App-practice";
			};
			name = Debug;
		};
		C7D5DD7F29E2C4AB00774238 /* Release */ = {
			isa = XCBuildConfiguration;
			buildSettings = {
				ALWAYS_EMBED_SWIFT_STANDARD_LIBRARIES = YES;
				CODE_SIGN_STYLE = Automatic;
				CURRENT_PROJECT_VERSION = 1;
				GENERATE_INFOPLIST_FILE = YES;
				MARKETING_VERSION = 1.0;
				PRODUCT_BUNDLE_IDENTIFIER = "chitose.AR-App-practiceUITests";
				PRODUCT_NAME = "$(TARGET_NAME)";
				SWIFT_EMIT_LOC_STRINGS = NO;
				SWIFT_VERSION = 5.0;
				TARGETED_DEVICE_FAMILY = "1,2";
				TEST_TARGET_NAME = "AR-App-practice";
			};
			name = Release;
		};
/* End XCBuildConfiguration section */

/* Begin XCConfigurationList section */
		C7D5DD4C29E2C4A900774238 /* Build configuration list for PBXProject "AR-App-practice" */ = {
			isa = XCConfigurationList;
			buildConfigurations = (
				C7D5DD7529E2C4AB00774238 /* Debug */,
				C7D5DD7629E2C4AB00774238 /* Release */,
			);
			defaultConfigurationIsVisible = 0;
			defaultConfigurationName = Release;
		};
		C7D5DD7729E2C4AB00774238 /* Build configuration list for PBXNativeTarget "AR-App-practice" */ = {
			isa = XCConfigurationList;
			buildConfigurations = (
				C7D5DD7829E2C4AB00774238 /* Debug */,
				C7D5DD7929E2C4AB00774238 /* Release */,
			);
			defaultConfigurationIsVisible = 0;
			defaultConfigurationName = Release;
		};
		C7D5DD7A29E2C4AB00774238 /* Build configuration list for PBXNativeTarget "AR-App-practiceTests" */ = {
			isa = XCConfigurationList;
			buildConfigurations = (
				C7D5DD7B29E2C4AB00774238 /* Debug */,
				C7D5DD7C29E2C4AB00774238 /* Release */,
			);
			defaultConfigurationIsVisible = 0;
			defaultConfigurationName = Release;
		};
		C7D5DD7D29E2C4AB00774238 /* Build configuration list for PBXNativeTarget "AR-App-practiceUITests" */ = {
			isa = XCConfigurationList;
			buildConfigurations = (
				C7D5DD7E29E2C4AB00774238 /* Debug */,
				C7D5DD7F29E2C4AB00774238 /* Release */,
			);
			defaultConfigurationIsVisible = 0;
			defaultConfigurationName = Release;
		};
/* End XCConfigurationList section */
	};
	rootObject = C7D5DD4929E2C4A900774238 /* Project object */;
}
